
Microsoft Visual Studio Solution File, Format Version 12.00
# Visual Studio 15
VisualStudioVersion = 15.0.26730.16
MinimumVisualStudioVersion = 10.0.40219.1
Project("{9A19103F-16F7-4668-BE54-9A1E7A4F7556}") = "Grpc.Tools.MsBuild.Core", "Grpc.Tools.MsBuild.Core\Grpc.Tools.MsBuild.Core.csproj", "{F2DE2F08-F692-4C97-94EC-6AB9CC9BB24F}"
EndProject
Project("{2150E333-8FDC-42A3-9474-1A3956D46DE8}") = "Solution Items", "Solution Items", "{905B5556-CD0B-44D8-9CD7-0121A678CAB9}"
	ProjectSection(SolutionItems) = preProject
		.editorconfig = .editorconfig
		.gitignore = .gitignore
		README.md = README.md
	EndProjectSection
EndProject
Project("{2150E333-8FDC-42A3-9474-1A3956D46DE8}") = "Tests", "Tests", "{C14BC0A1-6E7C-4037-9AD7-91EE628372A7}"
EndProject
Project("{FAE04EC0-301F-11D3-BF4B-00C04F79EFBC}") = "GreetingClient", "Tests\GreetingClient\GreetingClient.csproj", "{5BBA70E4-59CC-4CD5-8571-985D81BF0EE2}"
EndProject
Global
	GlobalSection(SolutionConfigurationPlatforms) = preSolution
		Debug|Any CPU = Debug|Any CPU
		Release|Any CPU = Release|Any CPU
	EndGlobalSection
	GlobalSection(ProjectConfigurationPlatforms) = postSolution
		{F2DE2F08-F692-4C97-94EC-6AB9CC9BB24F}.Debug|Any CPU.ActiveCfg = Debug|Any CPU
		{F2DE2F08-F692-4C97-94EC-6AB9CC9BB24F}.Debug|Any CPU.Build.0 = Debug|Any CPU
		{F2DE2F08-F692-4C97-94EC-6AB9CC9BB24F}.Release|Any CPU.ActiveCfg = Release|Any CPU
		{F2DE2F08-F692-4C97-94EC-6AB9CC9BB24F}.Release|Any CPU.Build.0 = Release|Any CPU
		{5BBA70E4-59CC-4CD5-8571-985D81BF0EE2}.Debug|Any CPU.ActiveCfg = Debug|Any CPU
		{5BBA70E4-59CC-4CD5-8571-985D81BF0EE2}.Debug|Any CPU.Build.0 = Debug|Any CPU
		{5BBA70E4-59CC-4CD5-8571-985D81BF0EE2}.Release|Any CPU.ActiveCfg = Release|Any CPU
		{5BBA70E4-59CC-4CD5-8571-985D81BF0EE2}.Release|Any CPU.Build.0 = Release|Any CPU
	EndGlobalSection
	GlobalSection(SolutionProperties) = preSolution
		HideSolutionNode = FALSE
	EndGlobalSection
	GlobalSection(NestedProjects) = preSolution
		{5BBA70E4-59CC-4CD5-8571-985D81BF0EE2} = {C14BC0A1-6E7C-4037-9AD7-91EE628372A7}
	EndGlobalSection
	GlobalSection(ExtensibilityGlobals) = postSolution
		SolutionGuid = {10EB4250-3333-4F8E-ACD5-586D08F66AEA}
	EndGlobalSection
EndGlobal
